// !$*UTF8*$!
{
	archiveVersion = 1;
	classes = {
	};
	objectVersion = 50;
	objects = {

/* Begin PBXBuildFile section */
		8A3EF6D4233B507C00004D7C /* AppDelegate.swift in Sources */ = {isa = PBXBuildFile; fileRef = 8A3EF6D3233B507C00004D7C /* AppDelegate.swift */; };
		8A3EF6D6233B507C00004D7C /* ViewController.swift in Sources */ = {isa = PBXBuildFile; fileRef = 8A3EF6D5233B507C00004D7C /* ViewController.swift */; };
		8A3EF6D9233B507C00004D7C /* Main.storyboard in Resources */ = {isa = PBXBuildFile; fileRef = 8A3EF6D7233B507C00004D7C /* Main.storyboard */; };
		8A3EF6DB233B507D00004D7C /* Assets.xcassets in Resources */ = {isa = PBXBuildFile; fileRef = 8A3EF6DA233B507D00004D7C /* Assets.xcassets */; };
		8A3EF6DE233B507D00004D7C /* LaunchScreen.storyboard in Resources */ = {isa = PBXBuildFile; fileRef = 8A3EF6DC233B507D00004D7C /* LaunchScreen.storyboard */; };
		8A3EF6E9233B507D00004D7C /* QRCodeDemoTests.swift in Sources */ = {isa = PBXBuildFile; fileRef = 8A3EF6E8233B507D00004D7C /* QRCodeDemoTests.swift */; };
		8A3EF6F4233B507D00004D7C /* QRCodeDemoUITests.swift in Sources */ = {isa = PBXBuildFile; fileRef = 8A3EF6F3233B507D00004D7C /* QRCodeDemoUITests.swift */; };
/* End PBXBuildFile section */

/* Begin PBXContainerItemProxy section */
		8A3EF6E5233B507D00004D7C /* PBXContainerItemProxy */ = {
			isa = PBXContainerItemProxy;
			containerPortal = 8A3EF6C8233B507C00004D7C /* Project object */;
			proxyType = 1;
			remoteGlobalIDString = 8A3EF6CF233B507C00004D7C;
			remoteInfo = QRCodeDemo;
		};
		8A3EF6F0233B507D00004D7C /* PBXContainerItemProxy */ = {
			isa = PBXContainerItemProxy;
			containerPortal = 8A3EF6C8233B507C00004D7C /* Project object */;
			proxyType = 1;
			remoteGlobalIDString = 8A3EF6CF233B507C00004D7C;
			remoteInfo = QRCodeDemo;
		};
/* End PBXContainerItemProxy section */

/* Begin PBXFileReference section */
		8A3EF6D0233B507C00004D7C /* QRCodeDemo.app */ = {isa = PBXFileReference; explicitFileType = wrapper.application; includeInIndex = 0; path = QRCodeDemo.app; sourceTree = BUILT_PRODUCTS_DIR; };
		8A3EF6D3233B507C00004D7C /* AppDelegate.swift */ = {isa = PBXFileReference; lastKnownFileType = sourcecode.swift; path = AppDelegate.swift; sourceTree = "<group>"; };
		8A3EF6D5233B507C00004D7C /* ViewController.swift */ = {isa = PBXFileReference; lastKnownFileType = sourcecode.swift; path = ViewController.swift; sourceTree = "<group>"; };
		8A3EF6D8233B507C00004D7C /* Base */ = {isa = PBXFileReference; lastKnownFileType = file.storyboard; name = Base; path = Base.lproj/Main.storyboard; sourceTree = "<group>"; };
		8A3EF6DA233B507D00004D7C /* Assets.xcassets */ = {isa = PBXFileReference; lastKnownFileType = folder.assetcatalog; path = Assets.xcassets; sourceTree = "<group>"; };
		8A3EF6DD233B507D00004D7C /* Base */ = {isa = PBXFileReference; lastKnownFileType = file.storyboard; name = Base; path = Base.lproj/LaunchScreen.storyboard; sourceTree = "<group>"; };
		8A3EF6DF233B507D00004D7C /* Info.plist */ = {isa = PBXFileReference; lastKnownFileType = text.plist.xml; path = Info.plist; sourceTree = "<group>"; };
		8A3EF6E4233B507D00004D7C /* QRCodeDemoTests.xctest */ = {isa = PBXFileReference; explicitFileType = wrapper.cfbundle; includeInIndex = 0; path = QRCodeDemoTests.xctest; sourceTree = BUILT_PRODUCTS_DIR; };
		8A3EF6E8233B507D00004D7C /* QRCodeDemoTests.swift */ = {isa = PBXFileReference; lastKnownFileType = sourcecode.swift; path = QRCodeDemoTests.swift; sourceTree = "<group>"; };
		8A3EF6EA233B507D00004D7C /* Info.plist */ = {isa = PBXFileReference; lastKnownFileType = text.plist.xml; path = Info.plist; sourceTree = "<group>"; };
		8A3EF6EF233B507D00004D7C /* QRCodeDemoUITests.xctest */ = {isa = PBXFileReference; explicitFileType = wrapper.cfbundle; includeInIndex = 0; path = QRCodeDemoUITests.xctest; sourceTree = BUILT_PRODUCTS_DIR; };
		8A3EF6F3233B507D00004D7C /* QRCodeDemoUITests.swift */ = {isa = PBXFileReference; lastKnownFileType = sourcecode.swift; path = QRCodeDemoUITests.swift; sourceTree = "<group>"; };
		8A3EF6F5233B507D00004D7C /* Info.plist */ = {isa = PBXFileReference; lastKnownFileType = text.plist.xml; path = Info.plist; sourceTree = "<group>"; };
/* End PBXFileReference section */

/* Begin PBXFrameworksBuildPhase section */
		8A3EF6CD233B507C00004D7C /* Frameworks */ = {
			isa = PBXFrameworksBuildPhase;
			buildActionMask = 2147483647;
			files = (
			);
			runOnlyForDeploymentPostprocessing = 0;
		};
		8A3EF6E1233B507D00004D7C /* Frameworks */ = {
			isa = PBXFrameworksBuildPhase;
			buildActionMask = 2147483647;
			files = (
			);
			runOnlyForDeploymentPostprocessing = 0;
		};
		8A3EF6EC233B507D00004D7C /* Frameworks */ = {
			isa = PBXFrameworksBuildPhase;
			buildActionMask = 2147483647;
			files = (
			);
			runOnlyForDeploymentPostprocessing = 0;
		};
/* End PBXFrameworksBuildPhase section */

/* Begin PBXGroup section */
		8A3EF6C7233B507C00004D7C = {
			isa = PBXGroup;
			children = (
				8A3EF6D2233B507C00004D7C /* QRCodeDemo */,
				8A3EF6E7233B507D00004D7C /* QRCodeDemoTests */,
				8A3EF6F2233B507D00004D7C /* QRCodeDemoUITests */,
				8A3EF6D1233B507C00004D7C /* Products */,
			);
			sourceTree = "<group>";
		};
		8A3EF6D1233B507C00004D7C /* Products */ = {
			isa = PBXGroup;
			children = (
				8A3EF6D0233B507C00004D7C /* QRCodeDemo.app */,
				8A3EF6E4233B507D00004D7C /* QRCodeDemoTests.xctest */,
				8A3EF6EF233B507D00004D7C /* QRCodeDemoUITests.xctest */,
			);
			name = Products;
			sourceTree = "<group>";
		};
		8A3EF6D2233B507C00004D7C /* QRCodeDemo */ = {
			isa = PBXGroup;
			children = (
				8A3EF6D3233B507C00004D7C /* AppDelegate.swift */,
				8A3EF6D5233B507C00004D7C /* ViewController.swift */,
				8A3EF6D7233B507C00004D7C /* Main.storyboard */,
				8A3EF6DA233B507D00004D7C /* Assets.xcassets */,
				8A3EF6DC233B507D00004D7C /* LaunchScreen.storyboard */,
				8A3EF6DF233B507D00004D7C /* Info.plist */,
			);
			path = QRCodeDemo;
			sourceTree = "<group>";
		};
		8A3EF6E7233B507D00004D7C /* QRCodeDemoTests */ = {
			isa = PBXGroup;
			children = (
				8A3EF6E8233B507D00004D7C /* QRCodeDemoTests.swift */,
				8A3EF6EA233B507D00004D7C /* Info.plist */,
			);
			path = QRCodeDemoTests;
			sourceTree = "<group>";
		};
		8A3EF6F2233B507D00004D7C /* QRCodeDemoUITests */ = {
			isa = PBXGroup;
			children = (
				8A3EF6F3233B507D00004D7C /* QRCodeDemoUITests.swift */,
				8A3EF6F5233B507D00004D7C /* Info.plist */,
			);
			path = QRCodeDemoUITests;
			sourceTree = "<group>";
		};
/* End PBXGroup section */

/* Begin PBXNativeTarget section */
		8A3EF6CF233B507C00004D7C /* QRCodeDemo */ = {
			isa = PBXNativeTarget;
			buildConfigurationList = 8A3EF6F8233B507D00004D7C /* Build configuration list for PBXNativeTarget "QRCodeDemo" */;
			buildPhases = (
				8A3EF6CC233B507C00004D7C /* Sources */,
				8A3EF6CD233B507C00004D7C /* Frameworks */,
				8A3EF6CE233B507C00004D7C /* Resources */,
			);
			buildRules = (
			);
			dependencies = (
			);
			name = QRCodeDemo;
			productName = QRCodeDemo;
			productReference = 8A3EF6D0233B507C00004D7C /* QRCodeDemo.app */;
			productType = "com.apple.product-type.application";
		};
		8A3EF6E3233B507D00004D7C /* QRCodeDemoTests */ = {
			isa = PBXNativeTarget;
			buildConfigurationList = 8A3EF6FB233B507D00004D7C /* Build configuration list for PBXNativeTarget "QRCodeDemoTests" */;
			buildPhases = (
				8A3EF6E0233B507D00004D7C /* Sources */,
				8A3EF6E1233B507D00004D7C /* Frameworks */,
				8A3EF6E2233B507D00004D7C /* Resources */,
			);
			buildRules = (
			);
			dependencies = (
				8A3EF6E6233B507D00004D7C /* PBXTargetDependency */,
			);
			name = QRCodeDemoTests;
			productName = QRCodeDemoTests;
			productReference = 8A3EF6E4233B507D00004D7C /* QRCodeDemoTests.xctest */;
			productType = "com.apple.product-type.bundle.unit-test";
		};
		8A3EF6EE233B507D00004D7C /* QRCodeDemoUITests */ = {
			isa = PBXNativeTarget;
			buildConfigurationList = 8A3EF6FE233B507D00004D7C /* Build configuration list for PBXNativeTarget "QRCodeDemoUITests" */;
			buildPhases = (
				8A3EF6EB233B507D00004D7C /* Sources */,
				8A3EF6EC233B507D00004D7C /* Frameworks */,
				8A3EF6ED233B507D00004D7C /* Resources */,
			);
			buildRules = (
			);
			dependencies = (
				8A3EF6F1233B507D00004D7C /* PBXTargetDependency */,
			);
			name = QRCodeDemoUITests;
			productName = QRCodeDemoUITests;
			productReference = 8A3EF6EF233B507D00004D7C /* QRCodeDemoUITests.xctest */;
			productType = "com.apple.product-type.bundle.ui-testing";
		};
/* End PBXNativeTarget section */

/* Begin PBXProject section */
		8A3EF6C8233B507C00004D7C /* Project object */ = {
			isa = PBXProject;
			attributes = {
				LastSwiftUpdateCheck = 1020;
				LastUpgradeCheck = 1020;
				ORGANIZATIONNAME = xuanze;
				TargetAttributes = {
					8A3EF6CF233B507C00004D7C = {
						CreatedOnToolsVersion = 10.2.1;
					};
					8A3EF6E3233B507D00004D7C = {
						CreatedOnToolsVersion = 10.2.1;
						TestTargetID = 8A3EF6CF233B507C00004D7C;
					};
					8A3EF6EE233B507D00004D7C = {
						CreatedOnToolsVersion = 10.2.1;
						TestTargetID = 8A3EF6CF233B507C00004D7C;
					};
				};
			};
			buildConfigurationList = 8A3EF6CB233B507C00004D7C /* Build configuration list for PBXProject "QRCodeDemo" */;
			compatibilityVersion = "Xcode 9.3";
			developmentRegion = en;
			hasScannedForEncodings = 0;
			knownRegions = (
				en,
				Base,
			);
			mainGroup = 8A3EF6C7233B507C00004D7C;
			productRefGroup = 8A3EF6D1233B507C00004D7C /* Products */;
			projectDirPath = "";
			projectRoot = "";
			targets = (
				8A3EF6CF233B507C00004D7C /* QRCodeDemo */,
				8A3EF6E3233B507D00004D7C /* QRCodeDemoTests */,
				8A3EF6EE233B507D00004D7C /* QRCodeDemoUITests */,
			);
		};
/* End PBXProject section */

/* Begin PBXResourcesBuildPhase section */
		8A3EF6CE233B507C00004D7C /* Resources */ = {
			isa = PBXResourcesBuildPhase;
			buildActionMask = 2147483647;
			files = (
				8A3EF6DE233B507D00004D7C /* LaunchScreen.storyboard in Resources */,
				8A3EF6DB233B507D00004D7C /* Assets.xcassets in Resources */,
				8A3EF6D9233B507C00004D7C /* Main.storyboard in Resources */,
			);
			runOnlyForDeploymentPostprocessing = 0;
		};
		8A3EF6E2233B507D00004D7C /* Resources */ = {
			isa = PBXResourcesBuildPhase;
			buildActionMask = 2147483647;
			files = (
			);
			runOnlyForDeploymentPostprocessing = 0;
		};
		8A3EF6ED233B507D00004D7C /* Resources */ = {
			isa = PBXResourcesBuildPhase;
			buildActionMask = 2147483647;
			files = (
			);
			runOnlyForDeploymentPostprocessing = 0;
		};
/* End PBXResourcesBuildPhase section */

/* Begin PBXSourcesBuildPhase section */
		8A3EF6CC233B507C00004D7C /* Sources */ = {
			isa = PBXSourcesBuildPhase;
			buildActionMask = 2147483647;
			files = (
				8A3EF6D6233B507C00004D7C /* ViewController.swift in Sources */,
				8A3EF6D4233B507C00004D7C /* AppDelegate.swift in Sources */,
			);
			runOnlyForDeploymentPostprocessing = 0;
		};
		8A3EF6E0233B507D00004D7C /* Sources */ = {
			isa = PBXSourcesBuildPhase;
			buildActionMask = 2147483647;
			files = (
				8A3EF6E9233B507D00004D7C /* QRCodeDemoTests.swift in Sources */,
			);
			runOnlyForDeploymentPostprocessing = 0;
		};
		8A3EF6EB233B507D00004D7C /* Sources */ = {
			isa = PBXSourcesBuildPhase;
			buildActionMask = 2147483647;
			files = (
				8A3EF6F4233B507D00004D7C /* QRCodeDemoUITests.swift in Sources */,
			);
			runOnlyForDeploymentPostprocessing = 0;
		};
/* End PBXSourcesBuildPhase section */

/* Begin PBXTargetDependency section */
		8A3EF6E6233B507D00004D7C /* PBXTargetDependency */ = {
			isa = PBXTargetDependency;
			target = 8A3EF6CF233B507C00004D7C /* QRCodeDemo */;
			targetProxy = 8A3EF6E5233B507D00004D7C /* PBXContainerItemProxy */;
		};
		8A3EF6F1233B507D00004D7C /* PBXTargetDependency */ = {
			isa = PBXTargetDependency;
			target = 8A3EF6CF233B507C00004D7C /* QRCodeDemo */;
			targetProxy = 8A3EF6F0233B507D00004D7C /* PBXContainerItemProxy */;
		};
/* End PBXTargetDependency section */

/* Begin PBXVariantGroup section */
		8A3EF6D7233B507C00004D7C /* Main.storyboard */ = {
			isa = PBXVariantGroup;
			children = (
				8A3EF6D8233B507C00004D7C /* Base */,
			);
			name = Main.storyboard;
			sourceTree = "<group>";
		};
		8A3EF6DC233B507D00004D7C /* LaunchScreen.storyboard */ = {
			isa = PBXVariantGroup;
			children = (
				8A3EF6DD233B507D00004D7C /* Base */,
			);
			name = LaunchScreen.storyboard;
			sourceTree = "<group>";
		};
/* End PBXVariantGroup section */

/* Begin XCBuildConfiguration section */
		8A3EF6F6233B507D00004D7C /* Debug */ = {
			isa = XCBuildConfiguration;
			buildSettings = {
				ALWAYS_SEARCH_USER_PATHS = NO;
				CLANG_ANALYZER_NONNULL = YES;
				CLANG_ANALYZER_NUMBER_OBJECT_CONVERSION = YES_AGGRESSIVE;
				CLANG_CXX_LANGUAGE_STANDARD = "gnu++14";
				CLANG_CXX_LIBRARY = "libc++";
				CLANG_ENABLE_MODULES = YES;
				CLANG_ENABLE_OBJC_ARC = YES;
				CLANG_ENABLE_OBJC_WEAK = YES;
				CLANG_WARN_BLOCK_CAPTURE_AUTORELEASING = YES;
				CLANG_WARN_BOOL_CONVERSION = YES;
				CLANG_WARN_COMMA = YES;
				CLANG_WARN_CONSTANT_CONVERSION = YES;
				CLANG_WARN_DEPRECATED_OBJC_IMPLEMENTATIONS = YES;
				CLANG_WARN_DIRECT_OBJC_ISA_USAGE = YES_ERROR;
				CLANG_WARN_DOCUMENTATION_COMMENTS = YES;
				CLANG_WARN_EMPTY_BODY = YES;
				CLANG_WARN_ENUM_CONVERSION = YES;
				CLANG_WARN_INFINITE_RECURSION = YES;
				CLANG_WARN_INT_CONVERSION = YES;
				CLANG_WARN_NON_LITERAL_NULL_CONVERSION = YES;
				CLANG_WARN_OBJC_IMPLICIT_RETAIN_SELF = YES;
				CLANG_WARN_OBJC_LITERAL_CONVERSION = YES;
				CLANG_WARN_OBJC_ROOT_CLASS = YES_ERROR;
				CLANG_WARN_RANGE_LOOP_ANALYSIS = YES;
				CLANG_WARN_STRICT_PROTOTYPES = YES;
				CLANG_WARN_SUSPICIOUS_MOVE = YES;
				CLANG_WARN_UNGUARDED_AVAILABILITY = YES_AGGRESSIVE;
				CLANG_WARN_UNREACHABLE_CODE = YES;
				CLANG_WARN__DUPLICATE_METHOD_MATCH = YES;
				CODE_SIGN_IDENTITY = "iPhone Developer";
				COPY_PHASE_STRIP = NO;
				DEBUG_INFORMATION_FORMAT = dwarf;
				ENABLE_STRICT_OBJC_MSGSEND = YES;
				ENABLE_TESTABILITY = YES;
				GCC_C_LANGUAGE_STANDARD = gnu11;
				GCC_DYNAMIC_NO_PIC = NO;
				GCC_NO_COMMON_BLOCKS = YES;
				GCC_OPTIMIZATION_LEVEL = 0;
				GCC_PREPROCESSOR_DEFINITIONS = (
					"DEBUG=1",
					"$(inherited)",
				);
				GCC_WARN_64_TO_32_BIT_CONVERSION = YES;
				GCC_WARN_ABOUT_RETURN_TYPE = YES_ERROR;
				GCC_WARN_UNDECLARED_SELECTOR = YES;
				GCC_WARN_UNINITIALIZED_AUTOS = YES_AGGRESSIVE;
				GCC_WARN_UNUSED_FUNCTION = YES;
				GCC_WARN_UNUSED_VARIABLE = YES;
				IPHONEOS_DEPLOYMENT_TARGET = 12.2;
				MTL_ENABLE_DEBUG_INFO = INCLUDE_SOURCE;
				MTL_FAST_MATH = YES;
				ONLY_ACTIVE_ARCH = YES;
				SDKROOT = iphoneos;
				SWIFT_ACTIVE_COMPILATION_CONDITIONS = DEBUG;
				SWIFT_OPTIMIZATION_LEVEL = "-Onone";
			};
			name = Debug;
		};
		8A3EF6F7233B507D00004D7C /* Release */ = {
			isa = XCBuildConfiguration;
			buildSettings = {
				ALWAYS_SEARCH_USER_PATHS = NO;
				CLANG_ANALYZER_NONNULL = YES;
				CLANG_ANALYZER_NUMBER_OBJECT_CONVERSION = YES_AGGRESSIVE;
				CLANG_CXX_LANGUAGE_STANDARD = "gnu++14";
				CLANG_CXX_LIBRARY = "libc++";
				CLANG_ENABLE_MODULES = YES;
				CLANG_ENABLE_OBJC_ARC = YES;
				CLANG_ENABLE_OBJC_WEAK = YES;
				CLANG_WARN_BLOCK_CAPTURE_AUTORELEASING = YES;
				CLANG_WARN_BOOL_CONVERSION = YES;
				CLANG_WARN_COMMA = YES;
				CLANG_WARN_CONSTANT_CONVERSION = YES;
				CLANG_WARN_DEPRECATED_OBJC_IMPLEMENTATIONS = YES;
				CLANG_WARN_DIRECT_OBJC_ISA_USAGE = YES_ERROR;
				CLANG_WARN_DOCUMENTATION_COMMENTS = YES;
				CLANG_WARN_EMPTY_BODY = YES;
				CLANG_WARN_ENUM_CONVERSION = YES;
				CLANG_WARN_INFINITE_RECURSION = YES;
				CLANG_WARN_INT_CONVERSION = YES;
				CLANG_WARN_NON_LITERAL_NULL_CONVERSION = YES;
				CLANG_WARN_OBJC_IMPLICIT_RETAIN_SELF = YES;
				CLANG_WARN_OBJC_LITERAL_CONVERSION = YES;
				CLANG_WARN_OBJC_ROOT_CLASS = YES_ERROR;
				CLANG_WARN_RANGE_LOOP_ANALYSIS = YES;
				CLANG_WARN_STRICT_PROTOTYPES = YES;
				CLANG_WARN_SUSPICIOUS_MOVE = YES;
				CLANG_WARN_UNGUARDED_AVAILABILITY = YES_AGGRESSIVE;
				CLANG_WARN_UNREACHABLE_CODE = YES;
				CLANG_WARN__DUPLICATE_METHOD_MATCH = YES;
				CODE_SIGN_IDENTITY = "iPhone Developer";
				COPY_PHASE_STRIP = NO;
				DEBUG_INFORMATION_FORMAT = "dwarf-with-dsym";
				ENABLE_NS_ASSERTIONS = NO;
				ENABLE_STRICT_OBJC_MSGSEND = YES;
				GCC_C_LANGUAGE_STANDARD = gnu11;
				GCC_NO_COMMON_BLOCKS = YES;
				GCC_WARN_64_TO_32_BIT_CONVERSION = YES;
				GCC_WARN_ABOUT_RETURN_TYPE = YES_ERROR;
				GCC_WARN_UNDECLARED_SELECTOR = YES;
				GCC_WARN_UNINITIALIZED_AUTOS = YES_AGGRESSIVE;
				GCC_WARN_UNUSED_FUNCTION = YES;
				GCC_WARN_UNUSED_VARIABLE = YES;
				IPHONEOS_DEPLOYMENT_TARGET = 12.2;
				MTL_ENABLE_DEBUG_INFO = NO;
				MTL_FAST_MATH = YES;
				SDKROOT = iphoneos;
				SWIFT_COMPILATION_MODE = wholemodule;
				SWIFT_OPTIMIZATION_LEVEL = "-O";
				VALIDATE_PRODUCT = YES;
			};
			name = Release;
		};
		8A3EF6F9233B507D00004D7C /* Debug */ = {
			isa = XCBuildConfiguration;
			buildSettings = {
				ASSETCATALOG_COMPILER_APPICON_NAME = AppIcon;
				CODE_SIGN_STYLE = Automatic;
				DEVELOPMENT_TEAM = SJGUM7PT9K;
				INFOPLIST_FILE = QRCodeDemo/Info.plist;
				IPHONEOS_DEPLOYMENT_TARGET = 10.0;
				LD_RUNPATH_SEARCH_PATHS = (
					"$(inherited)",
					"@executable_path/Frameworks",
				);
				PRODUCT_BUNDLE_IDENTIFIER = xuanze.QRCodeDemo;
				PRODUCT_NAME = "$(TARGET_NAME)";
				SWIFT_VERSION = 5.0;
				TARGETED_DEVICE_FAMILY = "1,2";
			};
			name = Debug;
		};
		8A3EF6FA233B507D00004D7C /* Release */ = {
			isa = XCBuildConfiguration;
			buildSettings = {
				ASSETCATALOG_COMPILER_APPICON_NAME = AppIcon;
				CODE_SIGN_STYLE = Automatic;
				DEVELOPMENT_TEAM = SJGUM7PT9K;
				INFOPLIST_FILE = QRCodeDemo/Info.plist;
				IPHONEOS_DEPLOYMENT_TARGET = 10.0;
				LD_RUNPATH_SEARCH_PATHS = (
					"$(inherited)",
					"@executable_path/Frameworks",
				);
				PRODUCT_BUNDLE_IDENTIFIER = xuanze.QRCodeDemo;
				PRODUCT_NAME = "$(TARGET_NAME)";
				SWIFT_VERSION = 5.0;
				TARGETED_DEVICE_FAMILY = "1,2";
			};
			name = Release;
		};
		8A3EF6FC233B507D00004D7C /* Debug */ = {
			isa = XCBuildConfiguration;
			buildSettings = {
				ALWAYS_EMBED_SWIFT_STANDARD_LIBRARIES = YES;
				BUNDLE_LOADER = "$(TEST_HOST)";
				CODE_SIGN_STYLE = Automatic;
				INFOPLIST_FILE = QRCodeDemoTests/Info.plist;
				LD_RUNPATH_SEARCH_PATHS = (
					"$(inherited)",
					"@executable_path/Frameworks",
					"@loader_path/Frameworks",
				);
				PRODUCT_BUNDLE_IDENTIFIER = xuanze.QRCodeDemoTests;
				PRODUCT_NAME = "$(TARGET_NAME)";
				SWIFT_VERSION = 5.0;
				TARGETED_DEVICE_FAMILY = "1,2";
				TEST_HOST = "$(BUILT_PRODUCTS_DIR)/QRCodeDemo.app/QRCodeDemo";
			};
			name = Debug;
		};
		8A3EF6FD233B507D00004D7C /* Release */ = {
			isa = XCBuildConfiguration;
			buildSettings = {
				ALWAYS_EMBED_SWIFT_STANDARD_LIBRARIES = YES;
				BUNDLE_LOADER = "$(TEST_HOST)";
				CODE_SIGN_STYLE = Automatic;
				INFOPLIST_FILE = QRCodeDemoTests/Info.plist;
				LD_RUNPATH_SEARCH_PATHS = (
					"$(inherited)",
					"@executable_path/Frameworks",
					"@loader_path/Frameworks",
				);
				PRODUCT_BUNDLE_IDENTIFIER = xuanze.QRCodeDemoTests;
				PRODUCT_NAME = "$(TARGET_NAME)";
				SWIFT_VERSION = 5.0;
				TARGETED_DEVICE_FAMILY = "1,2";
				TEST_HOST = "$(BUILT_PRODUCTS_DIR)/QRCodeDemo.app/QRCodeDemo";
			};
			name = Release;
		};
		8A3EF6FF233B507D00004D7C /* Debug */ = {
			isa = XCBuildConfiguration;
			buildSettings = {
				ALWAYS_EMBED_SWIFT_STANDARD_LIBRARIES = YES;
				CODE_SIGN_STYLE = Automatic;
				INFOPLIST_FILE = QRCodeDemoUITests/Info.plist;
				LD_RUNPATH_SEARCH_PATHS = (
					"$(inherited)",
					"@executable_path/Frameworks",
					"@loader_path/Frameworks",
				);
				PRODUCT_BUNDLE_IDENTIFIER = xuanze.QRCodeDemoUITests;
				PRODUCT_NAME = "$(TARGET_NAME)";
				SWIFT_VERSION = 5.0;
				TARGETED_DEVICE_FAMILY = "1,2";
				TEST_TARGET_NAME = QRCodeDemo;
			};
			name = Debug;
		};
		8A3EF700233B507D00004D7C /* Release */ = {
			isa = XCBuildConfiguration;
			buildSettings = {
				ALWAYS_EMBED_SWIFT_STANDARD_LIBRARIES = YES;
				CODE_SIGN_STYLE = Automatic;
				INFOPLIST_FILE = QRCodeDemoUITests/Info.plist;
				LD_RUNPATH_SEARCH_PATHS = (
					"$(inherited)",
					"@executable_path/Frameworks",
					"@loader_path/Frameworks",
				);
				PRODUCT_BUNDLE_IDENTIFIER = xuanze.QRCodeDemoUITests;
				PRODUCT_NAME = "$(TARGET_NAME)";
				SWIFT_VERSION = 5.0;
				TARGETED_DEVICE_FAMILY = "1,2";
				TEST_TARGET_NAME = QRCodeDemo;
			};
			name = Release;
		};
/* End XCBuildConfiguration section */

/* Begin XCConfigurationList section */
		8A3EF6CB233B507C00004D7C /* Build configuration list for PBXProject "QRCodeDemo" */ = {
			isa = XCConfigurationList;
			buildConfigurations = (
				8A3EF6F6233B507D00004D7C /* Debug */,
				8A3EF6F7233B507D00004D7C /* Release */,
			);
			defaultConfigurationIsVisible = 0;
			defaultConfigurationName = Release;
		};
		8A3EF6F8233B507D00004D7C /* Build configuration list for PBXNativeTarget "QRCodeDemo" */ = {
			isa = XCConfigurationList;
			buildConfigurations = (
				8A3EF6F9233B507D00004D7C /* Debug */,
				8A3EF6FA233B507D00004D7C /* Release */,
			);
			defaultConfigurationIsVisible = 0;
			defaultConfigurationName = Release;
		};
		8A3EF6FB233B507D00004D7C /* Build configuration list for PBXNativeTarget "QRCodeDemoTests" */ = {
			isa = XCConfigurationList;
			buildConfigurations = (
				8A3EF6FC233B507D00004D7C /* Debug */,
				8A3EF6FD233B507D00004D7C /* Release */,
			);
			defaultConfigurationIsVisible = 0;
			defaultConfigurationName = Release;
		};
		8A3EF6FE233B507D00004D7C /* Build configuration list for PBXNativeTarget "QRCodeDemoUITests" */ = {
			isa = XCConfigurationList;
			buildConfigurations = (
				8A3EF6FF233B507D00004D7C /* Debug */,
				8A3EF700233B507D00004D7C /* Release */,
			);
			defaultConfigurationIsVisible = 0;
			defaultConfigurationName = Release;
		};
/* End XCConfigurationList section */
	};
	rootObject = 8A3EF6C8233B507C00004D7C /* Project object */;
}
